// !$*UTF8*$!
{
	archiveVersion = 1;
	classes = {
	};
	objectVersion = 50;
	objects = {

/* Begin PBXBuildFile section */
		8767FAF825A31F33004C7942 /* AppDelegate.swift in Sources */ = {isa = PBXBuildFile; fileRef = 8767FAF725A31F33004C7942 /* AppDelegate.swift */; };
		8767FAFA25A31F33004C7942 /* SceneDelegate.swift in Sources */ = {isa = PBXBuildFile; fileRef = 8767FAF925A31F33004C7942 /* SceneDelegate.swift */; };
		8767FAFC25A31F33004C7942 /* ViewController.swift in Sources */ = {isa = PBXBuildFile; fileRef = 8767FAFB25A31F33004C7942 /* ViewController.swift */; };
		8767FAFF25A31F33004C7942 /* Main.storyboard in Resources */ = {isa = PBXBuildFile; fileRef = 8767FAFD25A31F33004C7942 /* Main.storyboard */; };
		8767FB0125A31F37004C7942 /* Assets.xcassets in Resources */ = {isa = PBXBuildFile; fileRef = 8767FB0025A31F37004C7942 /* Assets.xcassets */; };
		8767FB0425A31F37004C7942 /* LaunchScreen.storyboard in Resources */ = {isa = PBXBuildFile; fileRef = 8767FB0225A31F37004C7942 /* LaunchScreen.storyboard */; };
		8767FB1225A329FB004C7942 /* FlightManager.swift in Sources */ = {isa = PBXBuildFile; fileRef = 8767FB1125A329FB004C7942 /* FlightManager.swift */; };
		8767FB1525A32A0C004C7942 /* FlightData.swift in Sources */ = {isa = PBXBuildFile; fileRef = 8767FB1425A32A0C004C7942 /* FlightData.swift */; };
		879B135125A868B0004F20FD /* ResultsViewController.swift in Sources */ = {isa = PBXBuildFile; fileRef = 879B135025A868B0004F20FD /* ResultsViewController.swift */; };
		879B135425A87601004F20FD /* Constants.swift in Sources */ = {isa = PBXBuildFile; fileRef = 879B135325A87601004F20FD /* Constants.swift */; };
/* End PBXBuildFile section */

/* Begin PBXFileReference section */
		8767FAF425A31F33004C7942 /* FliteCounter.app */ = {isa = PBXFileReference; explicitFileType = wrapper.application; includeInIndex = 0; path = FliteCounter.app; sourceTree = BUILT_PRODUCTS_DIR; };
		8767FAF725A31F33004C7942 /* AppDelegate.swift */ = {isa = PBXFileReference; lastKnownFileType = sourcecode.swift; path = AppDelegate.swift; sourceTree = "<group>"; };
		8767FAF925A31F33004C7942 /* SceneDelegate.swift */ = {isa = PBXFileReference; lastKnownFileType = sourcecode.swift; path = SceneDelegate.swift; sourceTree = "<group>"; };
		8767FAFB25A31F33004C7942 /* ViewController.swift */ = {isa = PBXFileReference; lastKnownFileType = sourcecode.swift; path = ViewController.swift; sourceTree = "<group>"; };
		8767FAFE25A31F33004C7942 /* Base */ = {isa = PBXFileReference; lastKnownFileType = file.storyboard; name = Base; path = Base.lproj/Main.storyboard; sourceTree = "<group>"; };
		8767FB0025A31F37004C7942 /* Assets.xcassets */ = {isa = PBXFileReference; lastKnownFileType = folder.assetcatalog; path = Assets.xcassets; sourceTree = "<group>"; };
		8767FB0325A31F37004C7942 /* Base */ = {isa = PBXFileReference; lastKnownFileType = file.storyboard; name = Base; path = Base.lproj/LaunchScreen.storyboard; sourceTree = "<group>"; };
		8767FB0525A31F37004C7942 /* Info.plist */ = {isa = PBXFileReference; lastKnownFileType = text.plist.xml; path = Info.plist; sourceTree = "<group>"; };
		8767FB1125A329FB004C7942 /* FlightManager.swift */ = {isa = PBXFileReference; lastKnownFileType = sourcecode.swift; path = FlightManager.swift; sourceTree = "<group>"; };
		8767FB1425A32A0C004C7942 /* FlightData.swift */ = {isa = PBXFileReference; lastKnownFileType = sourcecode.swift; path = FlightData.swift; sourceTree = "<group>"; };
		879B135025A868B0004F20FD /* ResultsViewController.swift */ = {isa = PBXFileReference; lastKnownFileType = sourcecode.swift; path = ResultsViewController.swift; sourceTree = "<group>"; };
		879B135325A87601004F20FD /* Constants.swift */ = {isa = PBXFileReference; lastKnownFileType = sourcecode.swift; path = Constants.swift; sourceTree = "<group>"; };
/* End PBXFileReference section */

/* Begin PBXFrameworksBuildPhase section */
		8767FAF125A31F33004C7942 /* Frameworks */ = {
			isa = PBXFrameworksBuildPhase;
			buildActionMask = 2147483647;
			files = (
			);
			runOnlyForDeploymentPostprocessing = 0;
		};
/* End PBXFrameworksBuildPhase section */

/* Begin PBXGroup section */
		8767FAEB25A31F33004C7942 = {
			isa = PBXGroup;
			children = (
				8767FAF625A31F33004C7942 /* FliteCounter */,
				8767FAF525A31F33004C7942 /* Products */,
			);
			sourceTree = "<group>";
		};
		8767FAF525A31F33004C7942 /* Products */ = {
			isa = PBXGroup;
			children = (
				8767FAF425A31F33004C7942 /* FliteCounter.app */,
			);
			name = Products;
			sourceTree = "<group>";
		};
		8767FAF625A31F33004C7942 /* FliteCounter */ = {
			isa = PBXGroup;
			children = (
				879B135325A87601004F20FD /* Constants.swift */,
				8767FB0C25A31F4B004C7942 /* Model */,
				8767FB0D25A31F56004C7942 /* View */,
				8767FB0E25A31F73004C7942 /* Controllers */,
				8767FAF725A31F33004C7942 /* AppDelegate.swift */,
				8767FAF925A31F33004C7942 /* SceneDelegate.swift */,
				8767FB0025A31F37004C7942 /* Assets.xcassets */,
				8767FB0225A31F37004C7942 /* LaunchScreen.storyboard */,
				8767FB0525A31F37004C7942 /* Info.plist */,
			);
			path = FliteCounter;
			sourceTree = "<group>";
		};
		8767FB0C25A31F4B004C7942 /* Model */ = {
			isa = PBXGroup;
			children = (
				8767FB1125A329FB004C7942 /* FlightManager.swift */,
				8767FB1425A32A0C004C7942 /* FlightData.swift */,
			);
			path = Model;
			sourceTree = "<group>";
		};
		8767FB0D25A31F56004C7942 /* View */ = {
			isa = PBXGroup;
			children = (
				8767FAFD25A31F33004C7942 /* Main.storyboard */,
			);
			path = View;
			sourceTree = "<group>";
		};
		8767FB0E25A31F73004C7942 /* Controllers */ = {
			isa = PBXGroup;
			children = (
				8767FAFB25A31F33004C7942 /* ViewController.swift */,
				879B135025A868B0004F20FD /* ResultsViewController.swift */,
			);
			path = Controllers;
			sourceTree = "<group>";
		};
/* End PBXGroup section */

/* Begin PBXNativeTarget section */
		8767FAF325A31F33004C7942 /* FliteCounter */ = {
			isa = PBXNativeTarget;
			buildConfigurationList = 8767FB0825A31F37004C7942 /* Build configuration list for PBXNativeTarget "FliteCounter" */;
			buildPhases = (
				8767FAF025A31F33004C7942 /* Sources */,
				8767FAF125A31F33004C7942 /* Frameworks */,
				8767FAF225A31F33004C7942 /* Resources */,
			);
			buildRules = (
			);
			dependencies = (
			);
			name = FliteCounter;
			productName = FliteCounter;
			productReference = 8767FAF425A31F33004C7942 /* FliteCounter.app */;
			productType = "com.apple.product-type.application";
		};
/* End PBXNativeTarget section */

/* Begin PBXProject section */
		8767FAEC25A31F33004C7942 /* Project object */ = {
			isa = PBXProject;
			attributes = {
				LastSwiftUpdateCheck = 1220;
				LastUpgradeCheck = 1220;
				TargetAttributes = {
					8767FAF325A31F33004C7942 = {
						CreatedOnToolsVersion = 12.2;
					};
				};
			};
			buildConfigurationList = 8767FAEF25A31F33004C7942 /* Build configuration list for PBXProject "FliteCounter" */;
			compatibilityVersion = "Xcode 9.3";
			developmentRegion = en;
			hasScannedForEncodings = 0;
			knownRegions = (
				en,
				Base,
			);
			mainGroup = 8767FAEB25A31F33004C7942;
			productRefGroup = 8767FAF525A31F33004C7942 /* Products */;
			projectDirPath = "";
			projectRoot = "";
			targets = (
				8767FAF325A31F33004C7942 /* FliteCounter */,
			);
		};
/* End PBXProject section */

/* Begin PBXResourcesBuildPhase section */
		8767FAF225A31F33004C7942 /* Resources */ = {
			isa = PBXResourcesBuildPhase;
			buildActionMask = 2147483647;
			files = (
				8767FB0425A31F37004C7942 /* LaunchScreen.storyboard in Resources */,
				8767FB0125A31F37004C7942 /* Assets.xcassets in Resources */,
				8767FAFF25A31F33004C7942 /* Main.storyboard in Resources */,
			);
			runOnlyForDeploymentPostprocessing = 0;
		};
/* End PBXResourcesBuildPhase section */

/* Begin PBXSourcesBuildPhase section */
		8767FAF025A31F33004C7942 /* Sources */ = {
			isa = PBXSourcesBuildPhase;
			buildActionMask = 2147483647;
			files = (
				8767FAFC25A31F33004C7942 /* ViewController.swift in Sources */,
				879B135425A87601004F20FD /* Constants.swift in Sources */,
				8767FB1525A32A0C004C7942 /* FlightData.swift in Sources */,
				8767FB1225A329FB004C7942 /* FlightManager.swift in Sources */,
				8767FAF825A31F33004C7942 /* AppDelegate.swift in Sources */,
				8767FAFA25A31F33004C7942 /* SceneDelegate.swift in Sources */,
				879B135125A868B0004F20FD /* ResultsViewController.swift in Sources */,
			);
			runOnlyForDeploymentPostprocessing = 0;
		};
/* End PBXSourcesBuildPhase section */

/* Begin PBXVariantGroup section */
		8767FAFD25A31F33004C7942 /* Main.storyboard */ = {
			isa = PBXVariantGroup;
			children = (
				8767FAFE25A31F33004C7942 /* Base */,
			);
			name = Main.storyboard;
			sourceTree = "<group>";
		};
		8767FB0225A31F37004C7942 /* LaunchScreen.storyboard */ = {
			isa = PBXVariantGroup;
			children = (
				8767FB0325A31F37004C7942 /* Base */,
			);
			name = LaunchScreen.storyboard;
			sourceTree = "<group>";
		};
/* End PBXVariantGroup section */

/* Begin XCBuildConfiguration section */
		8767FB0625A31F37004C7942 /* Debug */ = {
			isa = XCBuildConfiguration;
			buildSettings = {
				ALWAYS_SEARCH_USER_PATHS = NO;
				CLANG_ANALYZER_NONNULL = YES;
				CLANG_ANALYZER_NUMBER_OBJECT_CONVERSION = YES_AGGRESSIVE;
				CLANG_CXX_LANGUAGE_STANDARD = "gnu++14";
				CLANG_CXX_LIBRARY = "libc++";
				CLANG_ENABLE_MODULES = YES;
				CLANG_ENABLE_OBJC_ARC = YES;
				CLANG_ENABLE_OBJC_WEAK = YES;
				CLANG_WARN_BLOCK_CAPTURE_AUTORELEASING = YES;
				CLANG_WARN_BOOL_CONVERSION = YES;
				CLANG_WARN_COMMA = YES;
				CLANG_WARN_CONSTANT_CONVERSION = YES;
				CLANG_WARN_DEPRECATED_OBJC_IMPLEMENTATIONS = YES;
				CLANG_WARN_DIRECT_OBJC_ISA_USAGE = YES_ERROR;
				CLANG_WARN_DOCUMENTATION_COMMENTS = YES;
				CLANG_WARN_EMPTY_BODY = YES;
				CLANG_WARN_ENUM_CONVERSION = YES;
				CLANG_WARN_INFINITE_RECURSION = YES;
				CLANG_WARN_INT_CONVERSION = YES;
				CLANG_WARN_NON_LITERAL_NULL_CONVERSION = YES;
				CLANG_WARN_OBJC_IMPLICIT_RETAIN_SELF = YES;
				CLANG_WARN_OBJC_LITERAL_CONVERSION = YES;
				CLANG_WARN_OBJC_ROOT_CLASS = YES_ERROR;
				CLANG_WARN_QUOTED_INCLUDE_IN_FRAMEWORK_HEADER = YES;
				CLANG_WARN_RANGE_LOOP_ANALYSIS = YES;
				CLANG_WARN_STRICT_PROTOTYPES = YES;
				CLANG_WARN_SUSPICIOUS_MOVE = YES;
				CLANG_WARN_UNGUARDED_AVAILABILITY = YES_AGGRESSIVE;
				CLANG_WARN_UNREACHABLE_CODE = YES;
				CLANG_WARN__DUPLICATE_METHOD_MATCH = YES;
				COPY_PHASE_STRIP = NO;
				DEBUG_INFORMATION_FORMAT = dwarf;
				ENABLE_STRICT_OBJC_MSGSEND = YES;
				ENABLE_TESTABILITY = YES;
				GCC_C_LANGUAGE_STANDARD = gnu11;
				GCC_DYNAMIC_NO_PIC = NO;
				GCC_NO_COMMON_BLOCKS = YES;
				GCC_OPTIMIZATION_LEVEL = 0;
				GCC_PREPROCESSOR_DEFINITIONS = (
					"DEBUG=1",
					"$(inherited)",
				);
				GCC_WARN_64_TO_32_BIT_CONVERSION = YES;
				GCC_WARN_ABOUT_RETURN_TYPE = YES_ERROR;
				GCC_WARN_UNDECLARED_SELECTOR = YES;
				GCC_WARN_UNINITIALIZED_AUTOS = YES_AGGRESSIVE;
				GCC_WARN_UNUSED_FUNCTION = YES;
				GCC_WARN_UNUSED_VARIABLE = YES;
				IPHONEOS_DEPLOYMENT_TARGET = 14.2;
				MTL_ENABLE_DEBUG_INFO = INCLUDE_SOURCE;
				MTL_FAST_MATH = YES;
				ONLY_ACTIVE_ARCH = YES;
				SDKROOT = iphoneos;
				SWIFT_ACTIVE_COMPILATION_CONDITIONS = DEBUG;
				SWIFT_OPTIMIZATION_LEVEL = "-Onone";
			};
			name = Debug;
		};
		8767FB0725A31F37004C7942 /* Release */ = {
			isa = XCBuildConfiguration;
			buildSettings = {
				ALWAYS_SEARCH_USER_PATHS = NO;
				CLANG_ANALYZER_NONNULL = YES;
				CLANG_ANALYZER_NUMBER_OBJECT_CONVERSION = YES_AGGRESSIVE;
				CLANG_CXX_LANGUAGE_STANDARD = "gnu++14";
				CLANG_CXX_LIBRARY = "libc++";
				CLANG_ENABLE_MODULES = YES;
				CLANG_ENABLE_OBJC_ARC = YES;
				CLANG_ENABLE_OBJC_WEAK = YES;
				CLANG_WARN_BLOCK_CAPTURE_AUTORELEASING = YES;
				CLANG_WARN_BOOL_CONVERSION = YES;
				CLANG_WARN_COMMA = YES;
				CLANG_WARN_CONSTANT_CONVERSION = YES;
				CLANG_WARN_DEPRECATED_OBJC_IMPLEMENTATIONS = YES;
				CLANG_WARN_DIRECT_OBJC_ISA_USAGE = YES_ERROR;
				CLANG_WARN_DOCUMENTATION_COMMENTS = YES;
				CLANG_WARN_EMPTY_BODY = YES;
				CLANG_WARN_ENUM_CONVERSION = YES;
				CLANG_WARN_INFINITE_RECURSION = YES;
				CLANG_WARN_INT_CONVERSION = YES;
				CLANG_WARN_NON_LITERAL_NULL_CONVERSION = YES;
				CLANG_WARN_OBJC_IMPLICIT_RETAIN_SELF = YES;
				CLANG_WARN_OBJC_LITERAL_CONVERSION = YES;
				CLANG_WARN_OBJC_ROOT_CLASS = YES_ERROR;
				CLANG_WARN_QUOTED_INCLUDE_IN_FRAMEWORK_HEADER = YES;
				CLANG_WARN_RANGE_LOOP_ANALYSIS = YES;
				CLANG_WARN_STRICT_PROTOTYPES = YES;
				CLANG_WARN_SUSPICIOUS_MOVE = YES;
				CLANG_WARN_UNGUARDED_AVAILABILITY = YES_AGGRESSIVE;
				CLANG_WARN_UNREACHABLE_CODE = YES;
				CLANG_WARN__DUPLICATE_METHOD_MATCH = YES;
				COPY_PHASE_STRIP = NO;
				DEBUG_INFORMATION_FORMAT = "dwarf-with-dsym";
				ENABLE_NS_ASSERTIONS = NO;
				ENABLE_STRICT_OBJC_MSGSEND = YES;
				GCC_C_LANGUAGE_STANDARD = gnu11;
				GCC_NO_COMMON_BLOCKS = YES;
				GCC_WARN_64_TO_32_BIT_CONVERSION = YES;
				GCC_WARN_ABOUT_RETURN_TYPE = YES_ERROR;
				GCC_WARN_UNDECLARED_SELECTOR = YES;
				GCC_WARN_UNINITIALIZED_AUTOS = YES_AGGRESSIVE;
				GCC_WARN_UNUSED_FUNCTION = YES;
				GCC_WARN_UNUSED_VARIABLE = YES;
				IPHONEOS_DEPLOYMENT_TARGET = 14.2;
				MTL_ENABLE_DEBUG_INFO = NO;
				MTL_FAST_MATH = YES;
				SDKROOT = iphoneos;
				SWIFT_COMPILATION_MODE = wholemodule;
				SWIFT_OPTIMIZATION_LEVEL = "-O";
				VALIDATE_PRODUCT = YES;
			};
			name = Release;
		};
		8767FB0925A31F37004C7942 /* Debug */ = {
			isa = XCBuildConfiguration;
			buildSettings = {
				ASSETCATALOG_COMPILER_APPICON_NAME = AppIcon;
				ASSETCATALOG_COMPILER_GLOBAL_ACCENT_COLOR_NAME = AccentColor;
				CODE_SIGN_STYLE = Automatic;
				DEVELOPMENT_TEAM = N2L88JPLDD;
				INFOPLIST_FILE = FliteCounter/Info.plist;
				IPHONEOS_DEPLOYMENT_TARGET = 14.0;
				LD_RUNPATH_SEARCH_PATHS = (
					"$(inherited)",
					"@executable_path/Frameworks",
				);
				PRODUCT_BUNDLE_IDENTIFIER = com.nakulmehta.FliteCounter;
				PRODUCT_NAME = "$(TARGET_NAME)";
				SWIFT_VERSION = 5.0;
				TARGETED_DEVICE_FAMILY = "1,2";
			};
			name = Debug;
		};
		8767FB0A25A31F37004C7942 /* Release */ = {
			isa = XCBuildConfiguration;
			buildSettings = {
				ASSETCATALOG_COMPILER_APPICON_NAME = AppIcon;
				ASSETCATALOG_COMPILER_GLOBAL_ACCENT_COLOR_NAME = AccentColor;
				CODE_SIGN_STYLE = Automatic;
				DEVELOPMENT_TEAM = N2L88JPLDD;
				INFOPLIST_FILE = FliteCounter/Info.plist;
				IPHONEOS_DEPLOYMENT_TARGET = 14.0;
				LD_RUNPATH_SEARCH_PATHS = (
					"$(inherited)",
					"@executable_path/Frameworks",
				);
				PRODUCT_BUNDLE_IDENTIFIER = com.nakulmehta.FliteCounter;
				PRODUCT_NAME = "$(TARGET_NAME)";
				SWIFT_VERSION = 5.0;
				TARGETED_DEVICE_FAMILY = "1,2";
			};
			name = Release;
		};
/* End XCBuildConfiguration section */

/* Begin XCConfigurationList section */
		8767FAEF25A31F33004C7942 /* Build configuration list for PBXProject "FliteCounter" */ = {
			isa = XCConfigurationList;
			buildConfigurations = (
				8767FB0625A31F37004C7942 /* Debug */,
				8767FB0725A31F37004C7942 /* Release */,
			);
			defaultConfigurationIsVisible = 0;
			defaultConfigurationName = Release;
		};
		8767FB0825A31F37004C7942 /* Build configuration list for PBXNativeTarget "FliteCounter" */ = {
			isa = XCConfigurationList;
			buildConfigurations = (
				8767FB0925A31F37004C7942 /* Debug */,
				8767FB0A25A31F37004C7942 /* Release */,
			);
			defaultConfigurationIsVisible = 0;
			defaultConfigurationName = Release;
		};
/* End XCConfigurationList section */
	};
	rootObject = 8767FAEC25A31F33004C7942 /* Project object */;
}
